
Microsoft Visual Studio Solution File, Format Version 12.00
# Visual Studio Version 16
VisualStudioVersion = 16.0.31424.327
MinimumVisualStudioVersion = 10.0.40219.1
Project("{FAE04EC0-301F-11D3-BF4B-00C04F79EFBC}") = "RainFall", "CodeExample\RainFall.csproj", "{CC5F7E43-877E-4B0C-869F-5595F469B1A1}"
EndProject
Global
	GlobalSection(SolutionConfigurationPlatforms) = preSolution
		Debug|Any CPU = Debug|Any CPU
		Release|Any CPU = Release|Any CPU
	EndGlobalSection
	GlobalSection(ProjectConfigurationPlatforms) = postSolution
		{CC5F7E43-877E-4B0C-869F-5595F469B1A1}.Debug|Any CPU.ActiveCfg = Debug|Any CPU
		{CC5F7E43-877E-4B0C-869F-5595F469B1A1}.Debug|Any CPU.Build.0 = Debug|Any CPU
		{CC5F7E43-877E-4B0C-869F-5595F469B1A1}.Release|Any CPU.ActiveCfg = Release|Any CPU
		{CC5F7E43-877E-4B0C-869F-5595F469B1A1}.Release|Any CPU.Build.0 = Release|Any CPU
	EndGlobalSection
	GlobalSection(SolutionProperties) = preSolution
		HideSolutionNode = FALSE
	EndGlobalSection
	GlobalSection(ExtensibilityGlobals) = postSolution
		SolutionGuid = {3E908FB9-E0F6-4C4B-B0FE-A98D680DF269}
	EndGlobalSection
EndGlobal
